
Microsoft Visual Studio Solution File, Format Version 12.00
# Visual Studio Version 17
VisualStudioVersion = 17.3.32901.215
MinimumVisualStudioVersion = 10.0.40219.1
Project("{FAE04EC0-301F-11D3-BF4B-00C04F79EFBC}") = "Калькулятор3000", "Калькулятор3000\Калькулятор3000.csproj", "{BEE1605F-2C26-484D-90B6-CC009EE0AC6D}"
EndProject
Global
	GlobalSection(SolutionConfigurationPlatforms) = preSolution
		Debug|Any CPU = Debug|Any CPU
		Release|Any CPU = Release|Any CPU
	EndGlobalSection
	GlobalSection(ProjectConfigurationPlatforms) = postSolution
		{BEE1605F-2C26-484D-90B6-CC009EE0AC6D}.Debug|Any CPU.ActiveCfg = Debug|Any CPU
		{BEE1605F-2C26-484D-90B6-CC009EE0AC6D}.Debug|Any CPU.Build.0 = Debug|Any CPU
		{BEE1605F-2C26-484D-90B6-CC009EE0AC6D}.Release|Any CPU.ActiveCfg = Release|Any CPU
		{BEE1605F-2C26-484D-90B6-CC009EE0AC6D}.Release|Any CPU.Build.0 = Release|Any CPU
	EndGlobalSection
	GlobalSection(SolutionProperties) = preSolution
		HideSolutionNode = FALSE
	EndGlobalSection
	GlobalSection(ExtensibilityGlobals) = postSolution
		SolutionGuid = {6E4D806F-BF1D-48E2-BD53-56219772D2AC}
	EndGlobalSection
EndGlobal
